
Microsoft Visual Studio Solution File, Format Version 12.00
# Visual Studio Version 16
VisualStudioVersion = 16.0.32901.82
MinimumVisualStudioVersion = 10.0.40219.1
Project("{FAE04EC0-301F-11D3-BF4B-00C04F79EFBC}") = "qp5rss_gyak4", "qp5rss_gyak4\qp5rss_gyak4.csproj", "{EA2B76EF-7CBC-4116-8DA8-FF06D41B969F}"
EndProject
Global
	GlobalSection(SolutionConfigurationPlatforms) = preSolution
		Debug|Any CPU = Debug|Any CPU
		Release|Any CPU = Release|Any CPU
	EndGlobalSection
	GlobalSection(ProjectConfigurationPlatforms) = postSolution
		{EA2B76EF-7CBC-4116-8DA8-FF06D41B969F}.Debug|Any CPU.ActiveCfg = Debug|Any CPU
		{EA2B76EF-7CBC-4116-8DA8-FF06D41B969F}.Debug|Any CPU.Build.0 = Debug|Any CPU
		{EA2B76EF-7CBC-4116-8DA8-FF06D41B969F}.Release|Any CPU.ActiveCfg = Release|Any CPU
		{EA2B76EF-7CBC-4116-8DA8-FF06D41B969F}.Release|Any CPU.Build.0 = Release|Any CPU
	EndGlobalSection
	GlobalSection(SolutionProperties) = preSolution
		HideSolutionNode = FALSE
	EndGlobalSection
	GlobalSection(ExtensibilityGlobals) = postSolution
		SolutionGuid = {89CC8F69-B9B8-48CF-A953-B926F2FB90DE}
	EndGlobalSection
EndGlobal
