
Microsoft Visual Studio Solution File, Format Version 12.00
# Visual Studio Version 17
VisualStudioVersion = 17.3.32922.545
MinimumVisualStudioVersion = 10.0.40219.1
Project("{FAE04EC0-301F-11D3-BF4B-00C04F79EFBC}") = "qp5rss_gyak6", "qp5rss_gyak6\qp5rss_gyak6.csproj", "{22AF6E7F-AB8C-4599-BE69-2A229A2D980E}"
EndProject
Global
	GlobalSection(SolutionConfigurationPlatforms) = preSolution
		Debug|Any CPU = Debug|Any CPU
		Release|Any CPU = Release|Any CPU
	EndGlobalSection
	GlobalSection(ProjectConfigurationPlatforms) = postSolution
		{22AF6E7F-AB8C-4599-BE69-2A229A2D980E}.Debug|Any CPU.ActiveCfg = Debug|Any CPU
		{22AF6E7F-AB8C-4599-BE69-2A229A2D980E}.Debug|Any CPU.Build.0 = Debug|Any CPU
		{22AF6E7F-AB8C-4599-BE69-2A229A2D980E}.Release|Any CPU.ActiveCfg = Release|Any CPU
		{22AF6E7F-AB8C-4599-BE69-2A229A2D980E}.Release|Any CPU.Build.0 = Release|Any CPU
	EndGlobalSection
	GlobalSection(SolutionProperties) = preSolution
		HideSolutionNode = FALSE
	EndGlobalSection
	GlobalSection(ExtensibilityGlobals) = postSolution
		SolutionGuid = {32A34986-2A27-41A8-8571-705601A51BFF}
	EndGlobalSection
EndGlobal
